// !$*UTF8*$!
{
	archiveVersion = 1;
	classes = {
	};
	objectVersion = 51;
	objects = {

/* Begin PBXBuildFile section */
		1F815BF5CBD81E500584F6D3 /* Pods_SwiftOpusCodec.framework in Frameworks */ = {isa = PBXBuildFile; fileRef = 10DF59F75E927A9FD6550270 /* Pods_SwiftOpusCodec.framework */; };
		52EE20032410E07800A0867B /* AppDelegate.swift in Sources */ = {isa = PBXBuildFile; fileRef = 52EE20022410E07800A0867B /* AppDelegate.swift */; };
		52EE20052410E07800A0867B /* SceneDelegate.swift in Sources */ = {isa = PBXBuildFile; fileRef = 52EE20042410E07800A0867B /* SceneDelegate.swift */; };
		52EE20072410E07800A0867B /* ViewController.swift in Sources */ = {isa = PBXBuildFile; fileRef = 52EE20062410E07800A0867B /* ViewController.swift */; };
		52EE200A2410E07800A0867B /* Main.storyboard in Resources */ = {isa = PBXBuildFile; fileRef = 52EE20082410E07800A0867B /* Main.storyboard */; };
		52EE200C2410E07900A0867B /* Assets.xcassets in Resources */ = {isa = PBXBuildFile; fileRef = 52EE200B2410E07900A0867B /* Assets.xcassets */; };
		52EE200F2410E07900A0867B /* LaunchScreen.storyboard in Resources */ = {isa = PBXBuildFile; fileRef = 52EE200D2410E07900A0867B /* LaunchScreen.storyboard */; };
		52EE20182410E19800A0867B /* OpusManager.swift in Sources */ = {isa = PBXBuildFile; fileRef = 52EE20172410E19800A0867B /* OpusManager.swift */; };
/* End PBXBuildFile section */

/* Begin PBXFileReference section */
		10DF59F75E927A9FD6550270 /* Pods_SwiftOpusCodec.framework */ = {isa = PBXFileReference; explicitFileType = wrapper.framework; includeInIndex = 0; path = Pods_SwiftOpusCodec.framework; sourceTree = BUILT_PRODUCTS_DIR; };
		1A256BE83C747803F25D14E7 /* Pods-SwiftOpusCodec.release.xcconfig */ = {isa = PBXFileReference; includeInIndex = 1; lastKnownFileType = text.xcconfig; name = "Pods-SwiftOpusCodec.release.xcconfig"; path = "Target Support Files/Pods-SwiftOpusCodec/Pods-SwiftOpusCodec.release.xcconfig"; sourceTree = "<group>"; };
		52EE1FFF2410E07800A0867B /* SwiftOpusCodec.app */ = {isa = PBXFileReference; explicitFileType = wrapper.application; includeInIndex = 0; path = SwiftOpusCodec.app; sourceTree = BUILT_PRODUCTS_DIR; };
		52EE20022410E07800A0867B /* AppDelegate.swift */ = {isa = PBXFileReference; lastKnownFileType = sourcecode.swift; path = AppDelegate.swift; sourceTree = "<group>"; };
		52EE20042410E07800A0867B /* SceneDelegate.swift */ = {isa = PBXFileReference; lastKnownFileType = sourcecode.swift; path = SceneDelegate.swift; sourceTree = "<group>"; };
		52EE20062410E07800A0867B /* ViewController.swift */ = {isa = PBXFileReference; lastKnownFileType = sourcecode.swift; path = ViewController.swift; sourceTree = "<group>"; };
		52EE20092410E07800A0867B /* Base */ = {isa = PBXFileReference; lastKnownFileType = file.storyboard; name = Base; path = Base.lproj/Main.storyboard; sourceTree = "<group>"; };
		52EE200B2410E07900A0867B /* Assets.xcassets */ = {isa = PBXFileReference; lastKnownFileType = folder.assetcatalog; path = Assets.xcassets; sourceTree = "<group>"; };
		52EE200E2410E07900A0867B /* Base */ = {isa = PBXFileReference; lastKnownFileType = file.storyboard; name = Base; path = Base.lproj/LaunchScreen.storyboard; sourceTree = "<group>"; };
		52EE20102410E07900A0867B /* Info.plist */ = {isa = PBXFileReference; lastKnownFileType = text.plist.xml; path = Info.plist; sourceTree = "<group>"; };
		52EE20172410E19800A0867B /* OpusManager.swift */ = {isa = PBXFileReference; lastKnownFileType = sourcecode.swift; path = OpusManager.swift; sourceTree = "<group>"; };
		D978A708A651686C083F27A0 /* Pods-SwiftOpusCodec.debug.xcconfig */ = {isa = PBXFileReference; includeInIndex = 1; lastKnownFileType = text.xcconfig; name = "Pods-SwiftOpusCodec.debug.xcconfig"; path = "Target Support Files/Pods-SwiftOpusCodec/Pods-SwiftOpusCodec.debug.xcconfig"; sourceTree = "<group>"; };
/* End PBXFileReference section */

/* Begin PBXFrameworksBuildPhase section */
		52EE1FFC2410E07800A0867B /* Frameworks */ = {
			isa = PBXFrameworksBuildPhase;
			buildActionMask = 2147483647;
			files = (
				1F815BF5CBD81E500584F6D3 /* Pods_SwiftOpusCodec.framework in Frameworks */,
			);
			runOnlyForDeploymentPostprocessing = 0;
		};
/* End PBXFrameworksBuildPhase section */

/* Begin PBXGroup section */
		52EE1FF62410E07800A0867B = {
			isa = PBXGroup;
			children = (
				52EE20012410E07800A0867B /* SwiftOpusCodec */,
				52EE20002410E07800A0867B /* Products */,
				E9131A302C2F311AC0EE4003 /* Pods */,
				93457857F145DFB2FB299010 /* Frameworks */,
			);
			sourceTree = "<group>";
		};
		52EE20002410E07800A0867B /* Products */ = {
			isa = PBXGroup;
			children = (
				52EE1FFF2410E07800A0867B /* SwiftOpusCodec.app */,
			);
			name = Products;
			sourceTree = "<group>";
		};
		52EE20012410E07800A0867B /* SwiftOpusCodec */ = {
			isa = PBXGroup;
			children = (
				52EE20162410E09400A0867B /* OpusCodec */,
				52EE20022410E07800A0867B /* AppDelegate.swift */,
				52EE20042410E07800A0867B /* SceneDelegate.swift */,
				52EE20062410E07800A0867B /* ViewController.swift */,
				52EE20082410E07800A0867B /* Main.storyboard */,
				52EE200B2410E07900A0867B /* Assets.xcassets */,
				52EE200D2410E07900A0867B /* LaunchScreen.storyboard */,
				52EE20102410E07900A0867B /* Info.plist */,
			);
			path = SwiftOpusCodec;
			sourceTree = "<group>";
		};
		52EE20162410E09400A0867B /* OpusCodec */ = {
			isa = PBXGroup;
			children = (
				52EE20172410E19800A0867B /* OpusManager.swift */,
			);
			path = OpusCodec;
			sourceTree = "<group>";
		};
		93457857F145DFB2FB299010 /* Frameworks */ = {
			isa = PBXGroup;
			children = (
				10DF59F75E927A9FD6550270 /* Pods_SwiftOpusCodec.framework */,
			);
			name = Frameworks;
			sourceTree = "<group>";
		};
		E9131A302C2F311AC0EE4003 /* Pods */ = {
			isa = PBXGroup;
			children = (
				D978A708A651686C083F27A0 /* Pods-SwiftOpusCodec.debug.xcconfig */,
				1A256BE83C747803F25D14E7 /* Pods-SwiftOpusCodec.release.xcconfig */,
			);
			path = Pods;
			sourceTree = "<group>";
		};
/* End PBXGroup section */

/* Begin PBXNativeTarget section */
		52EE1FFE2410E07800A0867B /* SwiftOpusCodec */ = {
			isa = PBXNativeTarget;
			buildConfigurationList = 52EE20132410E07A00A0867B /* Build configuration list for PBXNativeTarget "SwiftOpusCodec" */;
			buildPhases = (
				EC332FBA534EC3D043756CFE /* [CP] Check Pods Manifest.lock */,
				52EE1FFB2410E07800A0867B /* Sources */,
				52EE1FFC2410E07800A0867B /* Frameworks */,
				52EE1FFD2410E07800A0867B /* Resources */,
				28FDCF743434FD54F44E7A94 /* [CP] Embed Pods Frameworks */,
			);
			buildRules = (
			);
			dependencies = (
			);
			name = SwiftOpusCodec;
			productName = SwiftOpusCodec;
			productReference = 52EE1FFF2410E07800A0867B /* SwiftOpusCodec.app */;
			productType = "com.apple.product-type.application";
		};
/* End PBXNativeTarget section */

/* Begin PBXProject section */
		52EE1FF72410E07800A0867B /* Project object */ = {
			isa = PBXProject;
			attributes = {
				LastSwiftUpdateCheck = 1130;
				LastUpgradeCheck = 1130;
				ORGANIZATIONNAME = "Farshad Ghafari";
				TargetAttributes = {
					52EE1FFE2410E07800A0867B = {
						CreatedOnToolsVersion = 11.3;
					};
				};
			};
			buildConfigurationList = 52EE1FFA2410E07800A0867B /* Build configuration list for PBXProject "SwiftOpusCodec" */;
			compatibilityVersion = "Xcode 9.3";
			developmentRegion = en;
			hasScannedForEncodings = 0;
			knownRegions = (
				en,
				Base,
			);
			mainGroup = 52EE1FF62410E07800A0867B;
			productRefGroup = 52EE20002410E07800A0867B /* Products */;
			projectDirPath = "";
			projectRoot = "";
			targets = (
				52EE1FFE2410E07800A0867B /* SwiftOpusCodec */,
			);
		};
/* End PBXProject section */

/* Begin PBXResourcesBuildPhase section */
		52EE1FFD2410E07800A0867B /* Resources */ = {
			isa = PBXResourcesBuildPhase;
			buildActionMask = 2147483647;
			files = (
				52EE200F2410E07900A0867B /* LaunchScreen.storyboard in Resources */,
				52EE200C2410E07900A0867B /* Assets.xcassets in Resources */,
				52EE200A2410E07800A0867B /* Main.storyboard in Resources */,
			);
			runOnlyForDeploymentPostprocessing = 0;
		};
/* End PBXResourcesBuildPhase section */

/* Begin PBXShellScriptBuildPhase section */
		28FDCF743434FD54F44E7A94 /* [CP] Embed Pods Frameworks */ = {
			isa = PBXShellScriptBuildPhase;
			buildActionMask = 2147483647;
			files = (
			);
			inputFileListPaths = (
				"${PODS_ROOT}/Target Support Files/Pods-SwiftOpusCodec/Pods-SwiftOpusCodec-frameworks-${CONFIGURATION}-input-files.xcfilelist",
			);
			name = "[CP] Embed Pods Frameworks";
			outputFileListPaths = (
				"${PODS_ROOT}/Target Support Files/Pods-SwiftOpusCodec/Pods-SwiftOpusCodec-frameworks-${CONFIGURATION}-output-files.xcfilelist",
			);
			runOnlyForDeploymentPostprocessing = 0;
			shellPath = /bin/sh;
			shellScript = "\"${PODS_ROOT}/Target Support Files/Pods-SwiftOpusCodec/Pods-SwiftOpusCodec-frameworks.sh\"\n";
			showEnvVarsInLog = 0;
		};
		EC332FBA534EC3D043756CFE /* [CP] Check Pods Manifest.lock */ = {
			isa = PBXShellScriptBuildPhase;
			buildActionMask = 2147483647;
			files = (
			);
			inputFileListPaths = (
			);
			inputPaths = (
				"${PODS_PODFILE_DIR_PATH}/Podfile.lock",
				"${PODS_ROOT}/Manifest.lock",
			);
			name = "[CP] Check Pods Manifest.lock";
			outputFileListPaths = (
			);
			outputPaths = (
				"$(DERIVED_FILE_DIR)/Pods-SwiftOpusCodec-checkManifestLockResult.txt",
			);
			runOnlyForDeploymentPostprocessing = 0;
			shellPath = /bin/sh;
			shellScript = "diff \"${PODS_PODFILE_DIR_PATH}/Podfile.lock\" \"${PODS_ROOT}/Manifest.lock\" > /dev/null\nif [ $? != 0 ] ; then\n    # print error to STDERR\n    echo \"error: The sandbox is not in sync with the Podfile.lock. Run 'pod install' or update your CocoaPods installation.\" >&2\n    exit 1\nfi\n# This output is used by Xcode 'outputs' to avoid re-running this script phase.\necho \"SUCCESS\" > \"${SCRIPT_OUTPUT_FILE_0}\"\n";
			showEnvVarsInLog = 0;
		};
/* End PBXShellScriptBuildPhase section */

/* Begin PBXSourcesBuildPhase section */
		52EE1FFB2410E07800A0867B /* Sources */ = {
			isa = PBXSourcesBuildPhase;
			buildActionMask = 2147483647;
			files = (
				52EE20072410E07800A0867B /* ViewController.swift in Sources */,
				52EE20032410E07800A0867B /* AppDelegate.swift in Sources */,
				52EE20052410E07800A0867B /* SceneDelegate.swift in Sources */,
				52EE20182410E19800A0867B /* OpusManager.swift in Sources */,
			);
			runOnlyForDeploymentPostprocessing = 0;
		};
/* End PBXSourcesBuildPhase section */

/* Begin PBXVariantGroup section */
		52EE20082410E07800A0867B /* Main.storyboard */ = {
			isa = PBXVariantGroup;
			children = (
				52EE20092410E07800A0867B /* Base */,
			);
			name = Main.storyboard;
			sourceTree = "<group>";
		};
		52EE200D2410E07900A0867B /* LaunchScreen.storyboard */ = {
			isa = PBXVariantGroup;
			children = (
				52EE200E2410E07900A0867B /* Base */,
			);
			name = LaunchScreen.storyboard;
			sourceTree = "<group>";
		};
/* End PBXVariantGroup section */

/* Begin XCBuildConfiguration section */
		52EE20112410E07A00A0867B /* Debug */ = {
			isa = XCBuildConfiguration;
			buildSettings = {
				ALWAYS_SEARCH_USER_PATHS = NO;
				CLANG_ANALYZER_NONNULL = YES;
				CLANG_ANALYZER_NUMBER_OBJECT_CONVERSION = YES_AGGRESSIVE;
				CLANG_CXX_LANGUAGE_STANDARD = "gnu++14";
				CLANG_CXX_LIBRARY = "libc++";
				CLANG_ENABLE_MODULES = YES;
				CLANG_ENABLE_OBJC_ARC = YES;
				CLANG_ENABLE_OBJC_WEAK = YES;
				CLANG_WARN_BLOCK_CAPTURE_AUTORELEASING = YES;
				CLANG_WARN_BOOL_CONVERSION = YES;
				CLANG_WARN_COMMA = YES;
				CLANG_WARN_CONSTANT_CONVERSION = YES;
				CLANG_WARN_DEPRECATED_OBJC_IMPLEMENTATIONS = YES;
				CLANG_WARN_DIRECT_OBJC_ISA_USAGE = YES_ERROR;
				CLANG_WARN_DOCUMENTATION_COMMENTS = YES;
				CLANG_WARN_EMPTY_BODY = YES;
				CLANG_WARN_ENUM_CONVERSION = YES;
				CLANG_WARN_INFINITE_RECURSION = YES;
				CLANG_WARN_INT_CONVERSION = YES;
				CLANG_WARN_NON_LITERAL_NULL_CONVERSION = YES;
				CLANG_WARN_OBJC_IMPLICIT_RETAIN_SELF = YES;
				CLANG_WARN_OBJC_LITERAL_CONVERSION = YES;
				CLANG_WARN_OBJC_ROOT_CLASS = YES_ERROR;
				CLANG_WARN_RANGE_LOOP_ANALYSIS = YES;
				CLANG_WARN_STRICT_PROTOTYPES = YES;
				CLANG_WARN_SUSPICIOUS_MOVE = YES;
				CLANG_WARN_UNGUARDED_AVAILABILITY = YES_AGGRESSIVE;
				CLANG_WARN_UNREACHABLE_CODE = YES;
				CLANG_WARN__DUPLICATE_METHOD_MATCH = YES;
				COPY_PHASE_STRIP = NO;
				DEBUG_INFORMATION_FORMAT = dwarf;
				ENABLE_STRICT_OBJC_MSGSEND = YES;
				ENABLE_TESTABILITY = YES;
				GCC_C_LANGUAGE_STANDARD = gnu11;
				GCC_DYNAMIC_NO_PIC = NO;
				GCC_NO_COMMON_BLOCKS = YES;
				GCC_OPTIMIZATION_LEVEL = 0;
				GCC_PREPROCESSOR_DEFINITIONS = (
					"DEBUG=1",
					"$(inherited)",
				);
				GCC_WARN_64_TO_32_BIT_CONVERSION = YES;
				GCC_WARN_ABOUT_RETURN_TYPE = YES_ERROR;
				GCC_WARN_UNDECLARED_SELECTOR = YES;
				GCC_WARN_UNINITIALIZED_AUTOS = YES_AGGRESSIVE;
				GCC_WARN_UNUSED_FUNCTION = YES;
				GCC_WARN_UNUSED_VARIABLE = YES;
				IPHONEOS_DEPLOYMENT_TARGET = 13.2;
				MTL_ENABLE_DEBUG_INFO = INCLUDE_SOURCE;
				MTL_FAST_MATH = YES;
				ONLY_ACTIVE_ARCH = YES;
				SDKROOT = iphoneos;
				SWIFT_ACTIVE_COMPILATION_CONDITIONS = DEBUG;
				SWIFT_OPTIMIZATION_LEVEL = "-Onone";
			};
			name = Debug;
		};
		52EE20122410E07A00A0867B /* Release */ = {
			isa = XCBuildConfiguration;
			buildSettings = {
				ALWAYS_SEARCH_USER_PATHS = NO;
				CLANG_ANALYZER_NONNULL = YES;
				CLANG_ANALYZER_NUMBER_OBJECT_CONVERSION = YES_AGGRESSIVE;
				CLANG_CXX_LANGUAGE_STANDARD = "gnu++14";
				CLANG_CXX_LIBRARY = "libc++";
				CLANG_ENABLE_MODULES = YES;
				CLANG_ENABLE_OBJC_ARC = YES;
				CLANG_ENABLE_OBJC_WEAK = YES;
				CLANG_WARN_BLOCK_CAPTURE_AUTORELEASING = YES;
				CLANG_WARN_BOOL_CONVERSION = YES;
				CLANG_WARN_COMMA = YES;
				CLANG_WARN_CONSTANT_CONVERSION = YES;
				CLANG_WARN_DEPRECATED_OBJC_IMPLEMENTATIONS = YES;
				CLANG_WARN_DIRECT_OBJC_ISA_USAGE = YES_ERROR;
				CLANG_WARN_DOCUMENTATION_COMMENTS = YES;
				CLANG_WARN_EMPTY_BODY = YES;
				CLANG_WARN_ENUM_CONVERSION = YES;
				CLANG_WARN_INFINITE_RECURSION = YES;
				CLANG_WARN_INT_CONVERSION = YES;
				CLANG_WARN_NON_LITERAL_NULL_CONVERSION = YES;
				CLANG_WARN_OBJC_IMPLICIT_RETAIN_SELF = YES;
				CLANG_WARN_OBJC_LITERAL_CONVERSION = YES;
				CLANG_WARN_OBJC_ROOT_CLASS = YES_ERROR;
				CLANG_WARN_RANGE_LOOP_ANALYSIS = YES;
				CLANG_WARN_STRICT_PROTOTYPES = YES;
				CLANG_WARN_SUSPICIOUS_MOVE = YES;
				CLANG_WARN_UNGUARDED_AVAILABILITY = YES_AGGRESSIVE;
				CLANG_WARN_UNREACHABLE_CODE = YES;
				CLANG_WARN__DUPLICATE_METHOD_MATCH = YES;
				COPY_PHASE_STRIP = NO;
				DEBUG_INFORMATION_FORMAT = "dwarf-with-dsym";
				ENABLE_NS_ASSERTIONS = NO;
				ENABLE_STRICT_OBJC_MSGSEND = YES;
				GCC_C_LANGUAGE_STANDARD = gnu11;
				GCC_NO_COMMON_BLOCKS = YES;
				GCC_WARN_64_TO_32_BIT_CONVERSION = YES;
				GCC_WARN_ABOUT_RETURN_TYPE = YES_ERROR;
				GCC_WARN_UNDECLARED_SELECTOR = YES;
				GCC_WARN_UNINITIALIZED_AUTOS = YES_AGGRESSIVE;
				GCC_WARN_UNUSED_FUNCTION = YES;
				GCC_WARN_UNUSED_VARIABLE = YES;
				IPHONEOS_DEPLOYMENT_TARGET = 13.2;
				MTL_ENABLE_DEBUG_INFO = NO;
				MTL_FAST_MATH = YES;
				SDKROOT = iphoneos;
				SWIFT_COMPILATION_MODE = wholemodule;
				SWIFT_OPTIMIZATION_LEVEL = "-O";
				VALIDATE_PRODUCT = YES;
			};
			name = Release;
		};
		52EE20142410E07A00A0867B /* Debug */ = {
			isa = XCBuildConfiguration;
			baseConfigurationReference = D978A708A651686C083F27A0 /* Pods-SwiftOpusCodec.debug.xcconfig */;
			buildSettings = {
				ASSETCATALOG_COMPILER_APPICON_NAME = AppIcon;
				CODE_SIGN_STYLE = Automatic;
				DEVELOPMENT_TEAM = 43FY876Y6L;
				INFOPLIST_FILE = SwiftOpusCodec/Info.plist;
				LD_RUNPATH_SEARCH_PATHS = (
					"$(inherited)",
					"@executable_path/Frameworks",
				);
				PRODUCT_BUNDLE_IDENTIFIER = com.farshad.SwiftOpusCodec;
				PRODUCT_NAME = "$(TARGET_NAME)";
				SWIFT_VERSION = 5.0;
				TARGETED_DEVICE_FAMILY = "1,2";
			};
			name = Debug;
		};
		52EE20152410E07A00A0867B /* Release */ = {
			isa = XCBuildConfiguration;
			baseConfigurationReference = 1A256BE83C747803F25D14E7 /* Pods-SwiftOpusCodec.release.xcconfig */;
			buildSettings = {
				ASSETCATALOG_COMPILER_APPICON_NAME = AppIcon;
				CODE_SIGN_STYLE = Automatic;
				DEVELOPMENT_TEAM = 43FY876Y6L;
				INFOPLIST_FILE = SwiftOpusCodec/Info.plist;
				LD_RUNPATH_SEARCH_PATHS = (
					"$(inherited)",
					"@executable_path/Frameworks",
				);
				PRODUCT_BUNDLE_IDENTIFIER = com.farshad.SwiftOpusCodec;
				PRODUCT_NAME = "$(TARGET_NAME)";
				SWIFT_VERSION = 5.0;
				TARGETED_DEVICE_FAMILY = "1,2";
			};
			name = Release;
		};
/* End XCBuildConfiguration section */

/* Begin XCConfigurationList section */
		52EE1FFA2410E07800A0867B /* Build configuration list for PBXProject "SwiftOpusCodec" */ = {
			isa = XCConfigurationList;
			buildConfigurations = (
				52EE20112410E07A00A0867B /* Debug */,
				52EE20122410E07A00A0867B /* Release */,
			);
			defaultConfigurationIsVisible = 0;
			defaultConfigurationName = Release;
		};
		52EE20132410E07A00A0867B /* Build configuration list for PBXNativeTarget "SwiftOpusCodec" */ = {
			isa = XCConfigurationList;
			buildConfigurations = (
				52EE20142410E07A00A0867B /* Debug */,
				52EE20152410E07A00A0867B /* Release */,
			);
			defaultConfigurationIsVisible = 0;
			defaultConfigurationName = Release;
		};
/* End XCConfigurationList section */
	};
	rootObject = 52EE1FF72410E07800A0867B /* Project object */;
}
